
Microsoft Visual Studio Solution File, Format Version 12.00
# Visual Studio Version 17
VisualStudioVersion = 17.5.33424.131
MinimumVisualStudioVersion = 10.0.40219.1
Project("{FAE04EC0-301F-11D3-BF4B-00C04F79EFBC}") = "WinFormsFinancas", "WinFormsFinancas\WinFormsFinancas.csproj", "{8E366161-250F-406F-B23D-83C3DD86FC36}"
EndProject
Global
	GlobalSection(SolutionConfigurationPlatforms) = preSolution
		Debug|Any CPU = Debug|Any CPU
		Release|Any CPU = Release|Any CPU
	EndGlobalSection
	GlobalSection(ProjectConfigurationPlatforms) = postSolution
		{8E366161-250F-406F-B23D-83C3DD86FC36}.Debug|Any CPU.ActiveCfg = Debug|Any CPU
		{8E366161-250F-406F-B23D-83C3DD86FC36}.Debug|Any CPU.Build.0 = Debug|Any CPU
		{8E366161-250F-406F-B23D-83C3DD86FC36}.Release|Any CPU.ActiveCfg = Release|Any CPU
		{8E366161-250F-406F-B23D-83C3DD86FC36}.Release|Any CPU.Build.0 = Release|Any CPU
	EndGlobalSection
	GlobalSection(SolutionProperties) = preSolution
		HideSolutionNode = FALSE
	EndGlobalSection
	GlobalSection(ExtensibilityGlobals) = postSolution
		SolutionGuid = {B829A67B-D53A-4903-BC05-A31269CF782B}
	EndGlobalSection
EndGlobal
